
Microsoft Visual Studio Solution File, Format Version 12.00
# Visual Studio Version 17
VisualStudioVersion = 17.0.31903.59
MinimumVisualStudioVersion = 10.0.40219.1
Project("{FAE04EC0-301F-11D3-BF4B-00C04F79EFBC}") = "project1.web", "project1.web\project1.web.csproj", "{E974F083-1952-4FDB-A14D-74577223C4CD}"
EndProject
Global
	GlobalSection(SolutionConfigurationPlatforms) = preSolution
		Debug|Any CPU = Debug|Any CPU
		Release|Any CPU = Release|Any CPU
	EndGlobalSection
	GlobalSection(SolutionProperties) = preSolution
		HideSolutionNode = FALSE
	EndGlobalSection
	GlobalSection(ProjectConfigurationPlatforms) = postSolution
		{E974F083-1952-4FDB-A14D-74577223C4CD}.Debug|Any CPU.ActiveCfg = Debug|Any CPU
		{E974F083-1952-4FDB-A14D-74577223C4CD}.Debug|Any CPU.Build.0 = Debug|Any CPU
		{E974F083-1952-4FDB-A14D-74577223C4CD}.Release|Any CPU.ActiveCfg = Release|Any CPU
		{E974F083-1952-4FDB-A14D-74577223C4CD}.Release|Any CPU.Build.0 = Release|Any CPU
	EndGlobalSection
EndGlobal
